// !$*UTF8*$!
{
	archiveVersion = 1;
	classes = {
	};
	objectVersion = 56;
	objects = {

/* Begin PBXBuildFile section */
		9F5E59AC2ADEA2C600237FA7 /* AppDelegate.swift in Sources */ = {isa = PBXBuildFile; fileRef = 9F5E59AB2ADEA2C600237FA7 /* AppDelegate.swift */; };
		9F5E59AE2ADEA2C600237FA7 /* SceneDelegate.swift in Sources */ = {isa = PBXBuildFile; fileRef = 9F5E59AD2ADEA2C600237FA7 /* SceneDelegate.swift */; };
		9F5E59B02ADEA2C600237FA7 /* HomeViewController.swift in Sources */ = {isa = PBXBuildFile; fileRef = 9F5E59AF2ADEA2C600237FA7 /* HomeViewController.swift */; };
		9F5E59B52ADEA2C800237FA7 /* Assets.xcassets in Resources */ = {isa = PBXBuildFile; fileRef = 9F5E59B42ADEA2C800237FA7 /* Assets.xcassets */; };
		9F5E59B82ADEA2C800237FA7 /* LaunchScreen.storyboard in Resources */ = {isa = PBXBuildFile; fileRef = 9F5E59B62ADEA2C800237FA7 /* LaunchScreen.storyboard */; };
		9F87D3A42ADEB65800114289 /* TabBarViewController.swift in Sources */ = {isa = PBXBuildFile; fileRef = 9F87D3A32ADEB65800114289 /* TabBarViewController.swift */; };
		9F87D3A62ADEB69800114289 /* SearchViewController.swift in Sources */ = {isa = PBXBuildFile; fileRef = 9F87D3A52ADEB69800114289 /* SearchViewController.swift */; };
		9F87D3A82ADEB77800114289 /* LibraryViewController.swift in Sources */ = {isa = PBXBuildFile; fileRef = 9F87D3A72ADEB77800114289 /* LibraryViewController.swift */; };
		9F87D3AE2ADEB7E300114289 /* AuthViewController.swift in Sources */ = {isa = PBXBuildFile; fileRef = 9F87D3AD2ADEB7E300114289 /* AuthViewController.swift */; };
		9F87D3B02ADEB85C00114289 /* WelcomeViewController.swift in Sources */ = {isa = PBXBuildFile; fileRef = 9F87D3AF2ADEB85C00114289 /* WelcomeViewController.swift */; };
		9F87D3B22ADEB87900114289 /* SettingsViewController.swift in Sources */ = {isa = PBXBuildFile; fileRef = 9F87D3B12ADEB87900114289 /* SettingsViewController.swift */; };
		9F87D3B42ADEB8A000114289 /* ProfileViewController.swift in Sources */ = {isa = PBXBuildFile; fileRef = 9F87D3B32ADEB8A000114289 /* ProfileViewController.swift */; };
		9F87D3B62ADEB9CD00114289 /* PlayerViewController.swift in Sources */ = {isa = PBXBuildFile; fileRef = 9F87D3B52ADEB9CC00114289 /* PlayerViewController.swift */; };
		9F87D3B82ADEB9E800114289 /* PlaylistViewController.swift in Sources */ = {isa = PBXBuildFile; fileRef = 9F87D3B72ADEB9E800114289 /* PlaylistViewController.swift */; };
		9F87D3BA2ADEBA1400114289 /* SearchResultsViewController.swift in Sources */ = {isa = PBXBuildFile; fileRef = 9F87D3B92ADEBA1400114289 /* SearchResultsViewController.swift */; };
		9F87D3BC2ADEBB4200114289 /* AuthManager.swift in Sources */ = {isa = PBXBuildFile; fileRef = 9F87D3BB2ADEBB4200114289 /* AuthManager.swift */; };
		9F87D3BE2ADEBB5A00114289 /* APICaller.swift in Sources */ = {isa = PBXBuildFile; fileRef = 9F87D3BD2ADEBB5A00114289 /* APICaller.swift */; };
		9F87D3C02ADEBB7300114289 /* HapticsManager.swift in Sources */ = {isa = PBXBuildFile; fileRef = 9F87D3BF2ADEBB7300114289 /* HapticsManager.swift */; };
		9F87D3C22ADEBBD000114289 /* Playlist.swift in Sources */ = {isa = PBXBuildFile; fileRef = 9F87D3C12ADEBBD000114289 /* Playlist.swift */; };
		9F87D3C42ADEBBE700114289 /* AudioTrack.swift in Sources */ = {isa = PBXBuildFile; fileRef = 9F87D3C32ADEBBE700114289 /* AudioTrack.swift */; };
		9F87D3C62ADEBBFB00114289 /* Artist.swift in Sources */ = {isa = PBXBuildFile; fileRef = 9F87D3C52ADEBBFB00114289 /* Artist.swift */; };
		9F87D3C82ADEBC0B00114289 /* UserProfile.swift in Sources */ = {isa = PBXBuildFile; fileRef = 9F87D3C72ADEBC0B00114289 /* UserProfile.swift */; };
		9F87D3CB2ADECE1900114289 /* UIView + Extensions.swift in Sources */ = {isa = PBXBuildFile; fileRef = 9F87D3CA2ADECE1900114289 /* UIView + Extensions.swift */; };
/* End PBXBuildFile section */

/* Begin PBXFileReference section */
		9F5E59A82ADEA2C600237FA7 /* Spotify.app */ = {isa = PBXFileReference; explicitFileType = wrapper.application; includeInIndex = 0; path = Spotify.app; sourceTree = BUILT_PRODUCTS_DIR; };
		9F5E59AB2ADEA2C600237FA7 /* AppDelegate.swift */ = {isa = PBXFileReference; lastKnownFileType = sourcecode.swift; path = AppDelegate.swift; sourceTree = "<group>"; };
		9F5E59AD2ADEA2C600237FA7 /* SceneDelegate.swift */ = {isa = PBXFileReference; lastKnownFileType = sourcecode.swift; path = SceneDelegate.swift; sourceTree = "<group>"; };
		9F5E59AF2ADEA2C600237FA7 /* HomeViewController.swift */ = {isa = PBXFileReference; lastKnownFileType = sourcecode.swift; path = HomeViewController.swift; sourceTree = "<group>"; };
		9F5E59B42ADEA2C800237FA7 /* Assets.xcassets */ = {isa = PBXFileReference; lastKnownFileType = folder.assetcatalog; path = Assets.xcassets; sourceTree = "<group>"; };
		9F5E59B72ADEA2C800237FA7 /* Base */ = {isa = PBXFileReference; lastKnownFileType = file.storyboard; name = Base; path = Base.lproj/LaunchScreen.storyboard; sourceTree = "<group>"; };
		9F5E59B92ADEA2C800237FA7 /* Info.plist */ = {isa = PBXFileReference; lastKnownFileType = text.plist.xml; path = Info.plist; sourceTree = "<group>"; };
		9F87D3A32ADEB65800114289 /* TabBarViewController.swift */ = {isa = PBXFileReference; lastKnownFileType = sourcecode.swift; path = TabBarViewController.swift; sourceTree = "<group>"; };
		9F87D3A52ADEB69800114289 /* SearchViewController.swift */ = {isa = PBXFileReference; lastKnownFileType = sourcecode.swift; path = SearchViewController.swift; sourceTree = "<group>"; };
		9F87D3A72ADEB77800114289 /* LibraryViewController.swift */ = {isa = PBXFileReference; lastKnownFileType = sourcecode.swift; path = LibraryViewController.swift; sourceTree = "<group>"; };
		9F87D3AD2ADEB7E300114289 /* AuthViewController.swift */ = {isa = PBXFileReference; lastKnownFileType = sourcecode.swift; path = AuthViewController.swift; sourceTree = "<group>"; };
		9F87D3AF2ADEB85C00114289 /* WelcomeViewController.swift */ = {isa = PBXFileReference; lastKnownFileType = sourcecode.swift; path = WelcomeViewController.swift; sourceTree = "<group>"; };
		9F87D3B12ADEB87900114289 /* SettingsViewController.swift */ = {isa = PBXFileReference; lastKnownFileType = sourcecode.swift; path = SettingsViewController.swift; sourceTree = "<group>"; };
		9F87D3B32ADEB8A000114289 /* ProfileViewController.swift */ = {isa = PBXFileReference; lastKnownFileType = sourcecode.swift; path = ProfileViewController.swift; sourceTree = "<group>"; };
		9F87D3B52ADEB9CC00114289 /* PlayerViewController.swift */ = {isa = PBXFileReference; lastKnownFileType = sourcecode.swift; path = PlayerViewController.swift; sourceTree = "<group>"; };
		9F87D3B72ADEB9E800114289 /* PlaylistViewController.swift */ = {isa = PBXFileReference; lastKnownFileType = sourcecode.swift; path = PlaylistViewController.swift; sourceTree = "<group>"; };
		9F87D3B92ADEBA1400114289 /* SearchResultsViewController.swift */ = {isa = PBXFileReference; lastKnownFileType = sourcecode.swift; path = SearchResultsViewController.swift; sourceTree = "<group>"; };
		9F87D3BB2ADEBB4200114289 /* AuthManager.swift */ = {isa = PBXFileReference; lastKnownFileType = sourcecode.swift; path = AuthManager.swift; sourceTree = "<group>"; };
		9F87D3BD2ADEBB5A00114289 /* APICaller.swift */ = {isa = PBXFileReference; lastKnownFileType = sourcecode.swift; path = APICaller.swift; sourceTree = "<group>"; };
		9F87D3BF2ADEBB7300114289 /* HapticsManager.swift */ = {isa = PBXFileReference; lastKnownFileType = sourcecode.swift; path = HapticsManager.swift; sourceTree = "<group>"; };
		9F87D3C12ADEBBD000114289 /* Playlist.swift */ = {isa = PBXFileReference; lastKnownFileType = sourcecode.swift; path = Playlist.swift; sourceTree = "<group>"; };
		9F87D3C32ADEBBE700114289 /* AudioTrack.swift */ = {isa = PBXFileReference; lastKnownFileType = sourcecode.swift; path = AudioTrack.swift; sourceTree = "<group>"; };
		9F87D3C52ADEBBFB00114289 /* Artist.swift */ = {isa = PBXFileReference; lastKnownFileType = sourcecode.swift; path = Artist.swift; sourceTree = "<group>"; };
		9F87D3C72ADEBC0B00114289 /* UserProfile.swift */ = {isa = PBXFileReference; lastKnownFileType = sourcecode.swift; path = UserProfile.swift; sourceTree = "<group>"; };
		9F87D3CA2ADECE1900114289 /* UIView + Extensions.swift */ = {isa = PBXFileReference; lastKnownFileType = sourcecode.swift; path = "UIView + Extensions.swift"; sourceTree = "<group>"; };
/* End PBXFileReference section */

/* Begin PBXFrameworksBuildPhase section */
		9F5E59A52ADEA2C600237FA7 /* Frameworks */ = {
			isa = PBXFrameworksBuildPhase;
			buildActionMask = 2147483647;
			files = (
			);
			runOnlyForDeploymentPostprocessing = 0;
		};
/* End PBXFrameworksBuildPhase section */

/* Begin PBXGroup section */
		9F5E599F2ADEA2C600237FA7 = {
			isa = PBXGroup;
			children = (
				9F5E59AA2ADEA2C600237FA7 /* Spotify */,
				9F5E59A92ADEA2C600237FA7 /* Products */,
			);
			sourceTree = "<group>";
		};
		9F5E59A92ADEA2C600237FA7 /* Products */ = {
			isa = PBXGroup;
			children = (
				9F5E59A82ADEA2C600237FA7 /* Spotify.app */,
			);
			name = Products;
			sourceTree = "<group>";
		};
		9F5E59AA2ADEA2C600237FA7 /* Spotify */ = {
			isa = PBXGroup;
			children = (
				9F87D3C92ADECDDC00114289 /* Extensions */,
				9F5E59C52ADEA41C00237FA7 /* Resources */,
				9F5E59C42ADEA40300237FA7 /* Managers */,
				9F5E59C32ADEA3F600237FA7 /* ViewModels */,
				9F5E59C22ADEA3EE00237FA7 /* Models */,
				9F5E59C12ADEA3E900237FA7 /* Views */,
				9F5E59C02ADEA3E000237FA7 /* Controllers */,
				9F5E59B92ADEA2C800237FA7 /* Info.plist */,
			);
			path = Spotify;
			sourceTree = "<group>";
		};
		9F5E59C02ADEA3E000237FA7 /* Controllers */ = {
			isa = PBXGroup;
			children = (
				9F87D3A92ADEB78D00114289 /* Core */,
				9F87D3AA2ADEB7A900114289 /* Other */,
			);
			path = Controllers;
			sourceTree = "<group>";
		};
		9F5E59C12ADEA3E900237FA7 /* Views */ = {
			isa = PBXGroup;
			children = (
				9F5E59B62ADEA2C800237FA7 /* LaunchScreen.storyboard */,
			);
			path = Views;
			sourceTree = "<group>";
		};
		9F5E59C22ADEA3EE00237FA7 /* Models */ = {
			isa = PBXGroup;
			children = (
				9F87D3C12ADEBBD000114289 /* Playlist.swift */,
				9F87D3C32ADEBBE700114289 /* AudioTrack.swift */,
				9F87D3C52ADEBBFB00114289 /* Artist.swift */,
				9F87D3C72ADEBC0B00114289 /* UserProfile.swift */,
			);
			path = Models;
			sourceTree = "<group>";
		};
		9F5E59C32ADEA3F600237FA7 /* ViewModels */ = {
			isa = PBXGroup;
			children = (
			);
			path = ViewModels;
			sourceTree = "<group>";
		};
		9F5E59C42ADEA40300237FA7 /* Managers */ = {
			isa = PBXGroup;
			children = (
				9F87D3BB2ADEBB4200114289 /* AuthManager.swift */,
				9F87D3BD2ADEBB5A00114289 /* APICaller.swift */,
				9F87D3BF2ADEBB7300114289 /* HapticsManager.swift */,
			);
			path = Managers;
			sourceTree = "<group>";
		};
		9F5E59C52ADEA41C00237FA7 /* Resources */ = {
			isa = PBXGroup;
			children = (
				9F5E59AB2ADEA2C600237FA7 /* AppDelegate.swift */,
				9F5E59AD2ADEA2C600237FA7 /* SceneDelegate.swift */,
				9F5E59B42ADEA2C800237FA7 /* Assets.xcassets */,
			);
			path = Resources;
			sourceTree = "<group>";
		};
		9F87D3A92ADEB78D00114289 /* Core */ = {
			isa = PBXGroup;
			children = (
				9F87D3A32ADEB65800114289 /* TabBarViewController.swift */,
				9F5E59AF2ADEA2C600237FA7 /* HomeViewController.swift */,
				9F87D3A52ADEB69800114289 /* SearchViewController.swift */,
				9F87D3A72ADEB77800114289 /* LibraryViewController.swift */,
			);
			name = Core;
			sourceTree = "<group>";
		};
		9F87D3AA2ADEB7A900114289 /* Other */ = {
			isa = PBXGroup;
			children = (
				9F87D3AD2ADEB7E300114289 /* AuthViewController.swift */,
				9F87D3AF2ADEB85C00114289 /* WelcomeViewController.swift */,
				9F87D3B12ADEB87900114289 /* SettingsViewController.swift */,
				9F87D3B32ADEB8A000114289 /* ProfileViewController.swift */,
				9F87D3B52ADEB9CC00114289 /* PlayerViewController.swift */,
				9F87D3B72ADEB9E800114289 /* PlaylistViewController.swift */,
				9F87D3B92ADEBA1400114289 /* SearchResultsViewController.swift */,
			);
			name = Other;
			sourceTree = "<group>";
		};
		9F87D3C92ADECDDC00114289 /* Extensions */ = {
			isa = PBXGroup;
			children = (
				9F87D3CA2ADECE1900114289 /* UIView + Extensions.swift */,
			);
			path = Extensions;
			sourceTree = "<group>";
		};
/* End PBXGroup section */

/* Begin PBXNativeTarget section */
		9F5E59A72ADEA2C600237FA7 /* Spotify */ = {
			isa = PBXNativeTarget;
			buildConfigurationList = 9F5E59BC2ADEA2C800237FA7 /* Build configuration list for PBXNativeTarget "Spotify" */;
			buildPhases = (
				9F5E59A42ADEA2C600237FA7 /* Sources */,
				9F5E59A52ADEA2C600237FA7 /* Frameworks */,
				9F5E59A62ADEA2C600237FA7 /* Resources */,
			);
			buildRules = (
			);
			dependencies = (
			);
			name = Spotify;
			productName = Spotify;
			productReference = 9F5E59A82ADEA2C600237FA7 /* Spotify.app */;
			productType = "com.apple.product-type.application";
		};
/* End PBXNativeTarget section */

/* Begin PBXProject section */
		9F5E59A02ADEA2C600237FA7 /* Project object */ = {
			isa = PBXProject;
			attributes = {
				BuildIndependentTargetsInParallel = 1;
				LastSwiftUpdateCheck = 1420;
				LastUpgradeCheck = 1420;
				TargetAttributes = {
					9F5E59A72ADEA2C600237FA7 = {
						CreatedOnToolsVersion = 14.2;
					};
				};
			};
			buildConfigurationList = 9F5E59A32ADEA2C600237FA7 /* Build configuration list for PBXProject "Spotify" */;
			compatibilityVersion = "Xcode 14.0";
			developmentRegion = en;
			hasScannedForEncodings = 0;
			knownRegions = (
				en,
				Base,
			);
			mainGroup = 9F5E599F2ADEA2C600237FA7;
			productRefGroup = 9F5E59A92ADEA2C600237FA7 /* Products */;
			projectDirPath = "";
			projectRoot = "";
			targets = (
				9F5E59A72ADEA2C600237FA7 /* Spotify */,
			);
		};
/* End PBXProject section */

/* Begin PBXResourcesBuildPhase section */
		9F5E59A62ADEA2C600237FA7 /* Resources */ = {
			isa = PBXResourcesBuildPhase;
			buildActionMask = 2147483647;
			files = (
				9F5E59B82ADEA2C800237FA7 /* LaunchScreen.storyboard in Resources */,
				9F5E59B52ADEA2C800237FA7 /* Assets.xcassets in Resources */,
			);
			runOnlyForDeploymentPostprocessing = 0;
		};
/* End PBXResourcesBuildPhase section */

/* Begin PBXSourcesBuildPhase section */
		9F5E59A42ADEA2C600237FA7 /* Sources */ = {
			isa = PBXSourcesBuildPhase;
			buildActionMask = 2147483647;
			files = (
				9F87D3A62ADEB69800114289 /* SearchViewController.swift in Sources */,
				9F87D3C22ADEBBD000114289 /* Playlist.swift in Sources */,
				9F87D3BC2ADEBB4200114289 /* AuthManager.swift in Sources */,
				9F87D3BA2ADEBA1400114289 /* SearchResultsViewController.swift in Sources */,
				9F87D3B02ADEB85C00114289 /* WelcomeViewController.swift in Sources */,
				9F87D3B42ADEB8A000114289 /* ProfileViewController.swift in Sources */,
				9F87D3A42ADEB65800114289 /* TabBarViewController.swift in Sources */,
				9F87D3CB2ADECE1900114289 /* UIView + Extensions.swift in Sources */,
				9F87D3C02ADEBB7300114289 /* HapticsManager.swift in Sources */,
				9F87D3C42ADEBBE700114289 /* AudioTrack.swift in Sources */,
				9F5E59B02ADEA2C600237FA7 /* HomeViewController.swift in Sources */,
				9F87D3AE2ADEB7E300114289 /* AuthViewController.swift in Sources */,
				9F5E59AC2ADEA2C600237FA7 /* AppDelegate.swift in Sources */,
				9F87D3C82ADEBC0B00114289 /* UserProfile.swift in Sources */,
				9F87D3A82ADEB77800114289 /* LibraryViewController.swift in Sources */,
				9F87D3C62ADEBBFB00114289 /* Artist.swift in Sources */,
				9F87D3B82ADEB9E800114289 /* PlaylistViewController.swift in Sources */,
				9F5E59AE2ADEA2C600237FA7 /* SceneDelegate.swift in Sources */,
				9F87D3B62ADEB9CD00114289 /* PlayerViewController.swift in Sources */,
				9F87D3BE2ADEBB5A00114289 /* APICaller.swift in Sources */,
				9F87D3B22ADEB87900114289 /* SettingsViewController.swift in Sources */,
			);
			runOnlyForDeploymentPostprocessing = 0;
		};
/* End PBXSourcesBuildPhase section */

/* Begin PBXVariantGroup section */
		9F5E59B62ADEA2C800237FA7 /* LaunchScreen.storyboard */ = {
			isa = PBXVariantGroup;
			children = (
				9F5E59B72ADEA2C800237FA7 /* Base */,
			);
			name = LaunchScreen.storyboard;
			sourceTree = "<group>";
		};
/* End PBXVariantGroup section */

/* Begin XCBuildConfiguration section */
		9F5E59BA2ADEA2C800237FA7 /* Debug */ = {
			isa = XCBuildConfiguration;
			buildSettings = {
				ALWAYS_SEARCH_USER_PATHS = NO;
				CLANG_ANALYZER_NONNULL = YES;
				CLANG_ANALYZER_NUMBER_OBJECT_CONVERSION = YES_AGGRESSIVE;
				CLANG_CXX_LANGUAGE_STANDARD = "gnu++20";
				CLANG_ENABLE_MODULES = YES;
				CLANG_ENABLE_OBJC_ARC = YES;
				CLANG_ENABLE_OBJC_WEAK = YES;
				CLANG_WARN_BLOCK_CAPTURE_AUTORELEASING = YES;
				CLANG_WARN_BOOL_CONVERSION = YES;
				CLANG_WARN_COMMA = YES;
				CLANG_WARN_CONSTANT_CONVERSION = YES;
				CLANG_WARN_DEPRECATED_OBJC_IMPLEMENTATIONS = YES;
				CLANG_WARN_DIRECT_OBJC_ISA_USAGE = YES_ERROR;
				CLANG_WARN_DOCUMENTATION_COMMENTS = YES;
				CLANG_WARN_EMPTY_BODY = YES;
				CLANG_WARN_ENUM_CONVERSION = YES;
				CLANG_WARN_INFINITE_RECURSION = YES;
				CLANG_WARN_INT_CONVERSION = YES;
				CLANG_WARN_NON_LITERAL_NULL_CONVERSION = YES;
				CLANG_WARN_OBJC_IMPLICIT_RETAIN_SELF = YES;
				CLANG_WARN_OBJC_LITERAL_CONVERSION = YES;
				CLANG_WARN_OBJC_ROOT_CLASS = YES_ERROR;
				CLANG_WARN_QUOTED_INCLUDE_IN_FRAMEWORK_HEADER = YES;
				CLANG_WARN_RANGE_LOOP_ANALYSIS = YES;
				CLANG_WARN_STRICT_PROTOTYPES = YES;
				CLANG_WARN_SUSPICIOUS_MOVE = YES;
				CLANG_WARN_UNGUARDED_AVAILABILITY = YES_AGGRESSIVE;
				CLANG_WARN_UNREACHABLE_CODE = YES;
				CLANG_WARN__DUPLICATE_METHOD_MATCH = YES;
				COPY_PHASE_STRIP = NO;
				DEBUG_INFORMATION_FORMAT = dwarf;
				ENABLE_STRICT_OBJC_MSGSEND = YES;
				ENABLE_TESTABILITY = YES;
				GCC_C_LANGUAGE_STANDARD = gnu11;
				GCC_DYNAMIC_NO_PIC = NO;
				GCC_NO_COMMON_BLOCKS = YES;
				GCC_OPTIMIZATION_LEVEL = 0;
				GCC_PREPROCESSOR_DEFINITIONS = (
					"DEBUG=1",
					"$(inherited)",
				);
				GCC_WARN_64_TO_32_BIT_CONVERSION = YES;
				GCC_WARN_ABOUT_RETURN_TYPE = YES_ERROR;
				GCC_WARN_UNDECLARED_SELECTOR = YES;
				GCC_WARN_UNINITIALIZED_AUTOS = YES_AGGRESSIVE;
				GCC_WARN_UNUSED_FUNCTION = YES;
				GCC_WARN_UNUSED_VARIABLE = YES;
				IPHONEOS_DEPLOYMENT_TARGET = 16.2;
				MTL_ENABLE_DEBUG_INFO = INCLUDE_SOURCE;
				MTL_FAST_MATH = YES;
				ONLY_ACTIVE_ARCH = YES;
				SDKROOT = iphoneos;
				SWIFT_ACTIVE_COMPILATION_CONDITIONS = DEBUG;
				SWIFT_OPTIMIZATION_LEVEL = "-Onone";
			};
			name = Debug;
		};
		9F5E59BB2ADEA2C800237FA7 /* Release */ = {
			isa = XCBuildConfiguration;
			buildSettings = {
				ALWAYS_SEARCH_USER_PATHS = NO;
				CLANG_ANALYZER_NONNULL = YES;
				CLANG_ANALYZER_NUMBER_OBJECT_CONVERSION = YES_AGGRESSIVE;
				CLANG_CXX_LANGUAGE_STANDARD = "gnu++20";
				CLANG_ENABLE_MODULES = YES;
				CLANG_ENABLE_OBJC_ARC = YES;
				CLANG_ENABLE_OBJC_WEAK = YES;
				CLANG_WARN_BLOCK_CAPTURE_AUTORELEASING = YES;
				CLANG_WARN_BOOL_CONVERSION = YES;
				CLANG_WARN_COMMA = YES;
				CLANG_WARN_CONSTANT_CONVERSION = YES;
				CLANG_WARN_DEPRECATED_OBJC_IMPLEMENTATIONS = YES;
				CLANG_WARN_DIRECT_OBJC_ISA_USAGE = YES_ERROR;
				CLANG_WARN_DOCUMENTATION_COMMENTS = YES;
				CLANG_WARN_EMPTY_BODY = YES;
				CLANG_WARN_ENUM_CONVERSION = YES;
				CLANG_WARN_INFINITE_RECURSION = YES;
				CLANG_WARN_INT_CONVERSION = YES;
				CLANG_WARN_NON_LITERAL_NULL_CONVERSION = YES;
				CLANG_WARN_OBJC_IMPLICIT_RETAIN_SELF = YES;
				CLANG_WARN_OBJC_LITERAL_CONVERSION = YES;
				CLANG_WARN_OBJC_ROOT_CLASS = YES_ERROR;
				CLANG_WARN_QUOTED_INCLUDE_IN_FRAMEWORK_HEADER = YES;
				CLANG_WARN_RANGE_LOOP_ANALYSIS = YES;
				CLANG_WARN_STRICT_PROTOTYPES = YES;
				CLANG_WARN_SUSPICIOUS_MOVE = YES;
				CLANG_WARN_UNGUARDED_AVAILABILITY = YES_AGGRESSIVE;
				CLANG_WARN_UNREACHABLE_CODE = YES;
				CLANG_WARN__DUPLICATE_METHOD_MATCH = YES;
				COPY_PHASE_STRIP = NO;
				DEBUG_INFORMATION_FORMAT = "dwarf-with-dsym";
				ENABLE_NS_ASSERTIONS = NO;
				ENABLE_STRICT_OBJC_MSGSEND = YES;
				GCC_C_LANGUAGE_STANDARD = gnu11;
				GCC_NO_COMMON_BLOCKS = YES;
				GCC_WARN_64_TO_32_BIT_CONVERSION = YES;
				GCC_WARN_ABOUT_RETURN_TYPE = YES_ERROR;
				GCC_WARN_UNDECLARED_SELECTOR = YES;
				GCC_WARN_UNINITIALIZED_AUTOS = YES_AGGRESSIVE;
				GCC_WARN_UNUSED_FUNCTION = YES;
				GCC_WARN_UNUSED_VARIABLE = YES;
				IPHONEOS_DEPLOYMENT_TARGET = 16.2;
				MTL_ENABLE_DEBUG_INFO = NO;
				MTL_FAST_MATH = YES;
				SDKROOT = iphoneos;
				SWIFT_COMPILATION_MODE = wholemodule;
				SWIFT_OPTIMIZATION_LEVEL = "-O";
				VALIDATE_PRODUCT = YES;
			};
			name = Release;
		};
		9F5E59BD2ADEA2C800237FA7 /* Debug */ = {
			isa = XCBuildConfiguration;
			buildSettings = {
				ASSETCATALOG_COMPILER_APPICON_NAME = AppIcon;
				ASSETCATALOG_COMPILER_GLOBAL_ACCENT_COLOR_NAME = AccentColor;
				CODE_SIGN_STYLE = Automatic;
				CURRENT_PROJECT_VERSION = 1;
				DEVELOPMENT_TEAM = M5S2899J9B;
				GENERATE_INFOPLIST_FILE = YES;
				INFOPLIST_FILE = Spotify/Info.plist;
				INFOPLIST_KEY_UIApplicationSupportsIndirectInputEvents = YES;
				INFOPLIST_KEY_UILaunchStoryboardName = LaunchScreen;
				INFOPLIST_KEY_UISupportedInterfaceOrientations_iPad = "UIInterfaceOrientationPortrait UIInterfaceOrientationPortraitUpsideDown UIInterfaceOrientationLandscapeLeft UIInterfaceOrientationLandscapeRight";
				INFOPLIST_KEY_UISupportedInterfaceOrientations_iPhone = "UIInterfaceOrientationPortrait UIInterfaceOrientationLandscapeLeft UIInterfaceOrientationLandscapeRight";
				IPHONEOS_DEPLOYMENT_TARGET = 15.0;
				LD_RUNPATH_SEARCH_PATHS = (
					"$(inherited)",
					"@executable_path/Frameworks",
				);
				MARKETING_VERSION = 1.0;
				PRODUCT_BUNDLE_IDENTIFIER = wwwwwopq8e90d8cg.Spotify;
				PRODUCT_NAME = "$(TARGET_NAME)";
				SWIFT_EMIT_LOC_STRINGS = YES;
				SWIFT_VERSION = 5.0;
				TARGETED_DEVICE_FAMILY = "1,2";
			};
			name = Debug;
		};
		9F5E59BE2ADEA2C800237FA7 /* Release */ = {
			isa = XCBuildConfiguration;
			buildSettings = {
				ASSETCATALOG_COMPILER_APPICON_NAME = AppIcon;
				ASSETCATALOG_COMPILER_GLOBAL_ACCENT_COLOR_NAME = AccentColor;
				CODE_SIGN_STYLE = Automatic;
				CURRENT_PROJECT_VERSION = 1;
				DEVELOPMENT_TEAM = M5S2899J9B;
				GENERATE_INFOPLIST_FILE = YES;
				INFOPLIST_FILE = Spotify/Info.plist;
				INFOPLIST_KEY_UIApplicationSupportsIndirectInputEvents = YES;
				INFOPLIST_KEY_UILaunchStoryboardName = LaunchScreen;
				INFOPLIST_KEY_UISupportedInterfaceOrientations_iPad = "UIInterfaceOrientationPortrait UIInterfaceOrientationPortraitUpsideDown UIInterfaceOrientationLandscapeLeft UIInterfaceOrientationLandscapeRight";
				INFOPLIST_KEY_UISupportedInterfaceOrientations_iPhone = "UIInterfaceOrientationPortrait UIInterfaceOrientationLandscapeLeft UIInterfaceOrientationLandscapeRight";
				IPHONEOS_DEPLOYMENT_TARGET = 15.0;
				LD_RUNPATH_SEARCH_PATHS = (
					"$(inherited)",
					"@executable_path/Frameworks",
				);
				MARKETING_VERSION = 1.0;
				PRODUCT_BUNDLE_IDENTIFIER = wwwwwopq8e90d8cg.Spotify;
				PRODUCT_NAME = "$(TARGET_NAME)";
				SWIFT_EMIT_LOC_STRINGS = YES;
				SWIFT_VERSION = 5.0;
				TARGETED_DEVICE_FAMILY = "1,2";
			};
			name = Release;
		};
/* End XCBuildConfiguration section */

/* Begin XCConfigurationList section */
		9F5E59A32ADEA2C600237FA7 /* Build configuration list for PBXProject "Spotify" */ = {
			isa = XCConfigurationList;
			buildConfigurations = (
				9F5E59BA2ADEA2C800237FA7 /* Debug */,
				9F5E59BB2ADEA2C800237FA7 /* Release */,
			);
			defaultConfigurationIsVisible = 0;
			defaultConfigurationName = Release;
		};
		9F5E59BC2ADEA2C800237FA7 /* Build configuration list for PBXNativeTarget "Spotify" */ = {
			isa = XCConfigurationList;
			buildConfigurations = (
				9F5E59BD2ADEA2C800237FA7 /* Debug */,
				9F5E59BE2ADEA2C800237FA7 /* Release */,
			);
			defaultConfigurationIsVisible = 0;
			defaultConfigurationName = Release;
		};
/* End XCConfigurationList section */
	};
	rootObject = 9F5E59A02ADEA2C600237FA7 /* Project object */;
}
